
Microsoft Visual Studio Solution File, Format Version 12.00
# Visual Studio Version 16
VisualStudioVersion = 16.0.31729.503
MinimumVisualStudioVersion = 10.0.40219.1
Project("{FAE04EC0-301F-11D3-BF4B-00C04F79EFBC}") = "lab01_9033_OOP", "lab01_9033_OOP\lab01_9033_OOP.csproj", "{8E10962E-1DBE-48BF-BDC8-44552910339D}"
EndProject
Global
	GlobalSection(SolutionConfigurationPlatforms) = preSolution
		Debug|Any CPU = Debug|Any CPU
		Release|Any CPU = Release|Any CPU
	EndGlobalSection
	GlobalSection(ProjectConfigurationPlatforms) = postSolution
		{8E10962E-1DBE-48BF-BDC8-44552910339D}.Debug|Any CPU.ActiveCfg = Debug|Any CPU
		{8E10962E-1DBE-48BF-BDC8-44552910339D}.Debug|Any CPU.Build.0 = Debug|Any CPU
		{8E10962E-1DBE-48BF-BDC8-44552910339D}.Release|Any CPU.ActiveCfg = Release|Any CPU
		{8E10962E-1DBE-48BF-BDC8-44552910339D}.Release|Any CPU.Build.0 = Release|Any CPU
	EndGlobalSection
	GlobalSection(SolutionProperties) = preSolution
		HideSolutionNode = FALSE
	EndGlobalSection
	GlobalSection(ExtensibilityGlobals) = postSolution
		SolutionGuid = {7D4E95F4-56E6-4648-A4AC-9BFD364B4298}
	EndGlobalSection
EndGlobal
